
Microsoft Visual Studio Solution File, Format Version 12.00
# Visual Studio Version 17
VisualStudioVersion = 17.5.002.0
MinimumVisualStudioVersion = 10.0.40219.1
Project("{2150E333-8FDC-42A3-9474-1A3956D46DE8}") = "1- VARIABLES", "1- VARIABLES", "{EAB61A6F-2622-4E85-97C4-3BFAB58437E9}"
EndProject
Project("{9A19103F-16F7-4668-BE54-9A1E7A4F7556}") = "variables", "1- VARIABLES\variables\variables.csproj", "{3FACAAB6-CD3B-4DDA-B0FB-BBBCFCFE0EBE}"
EndProject
Project("{2150E333-8FDC-42A3-9474-1A3956D46DE8}") = "10- COLLECTIONS", "10- COLLECTIONS", "{3355DCE9-C552-4279-A2D5-98EF145373E7}"
EndProject
Project("{9A19103F-16F7-4668-BE54-9A1E7A4F7556}") = "Collections", "10- COLLECTIONS\Collections\Collections.csproj", "{EA08A848-848C-4D21-B08D-9468040CE06B}"
EndProject
Project("{2150E333-8FDC-42A3-9474-1A3956D46DE8}") = "2- DATA_TYPES", "2- DATA_TYPES", "{D128BB17-BE97-47C3-B400-FA0F4A4CD967}"
EndProject
Project("{9A19103F-16F7-4668-BE54-9A1E7A4F7556}") = "data_types", "2- DATA_TYPES\data_types\data_types.csproj", "{A2170B93-2F87-4E41-8208-1FF13DF2F76E}"
EndProject
Project("{2150E333-8FDC-42A3-9474-1A3956D46DE8}") = "3- STRINGS AND DATE", "3- STRINGS AND DATE", "{B13710B5-3FF4-42FA-99FB-18B10F9FBA59}"
EndProject
Project("{9A19103F-16F7-4668-BE54-9A1E7A4F7556}") = "strings_date", "3- STRINGS AND DATE\strings_date\strings_date.csproj", "{FE2E5855-B8E7-4538-B02F-F0E59000CC7E}"
EndProject
Project("{2150E333-8FDC-42A3-9474-1A3956D46DE8}") = "4- ARRAYS", "4- ARRAYS", "{00B332C5-5416-4930-AF89-DE8B12EF0B26}"
EndProject
Project("{9A19103F-16F7-4668-BE54-9A1E7A4F7556}") = "Arrays", "4- ARRAYS\Arrays\Arrays.csproj", "{2D9063CF-C558-414B-A16F-BBFCBDB053A0}"
EndProject
Project("{2150E333-8FDC-42A3-9474-1A3956D46DE8}") = "5- OPERATORS", "5- OPERATORS", "{68619A78-20A3-4227-AEB3-9F5653CAB971}"
EndProject
Project("{9A19103F-16F7-4668-BE54-9A1E7A4F7556}") = "Operators", "5- OPERATORS\Operators\Operators.csproj", "{B5C18C97-0FF4-4CC2-BACA-234C07D12A1B}"
EndProject
Project("{2150E333-8FDC-42A3-9474-1A3956D46DE8}") = "6- CONDITIONAL_BLOCKS", "6- CONDITIONAL_BLOCKS", "{7AD2A89D-B3E6-4C2E-B236-36DCF06AFD1A}"
EndProject
Project("{9A19103F-16F7-4668-BE54-9A1E7A4F7556}") = "conditional_blocks", "6- CONDITIONAL_BLOCKS\conditional_blocks\conditional_blocks.csproj", "{0134BFE5-87B7-4663-A02F-41841A6075D2}"
EndProject
Project("{2150E333-8FDC-42A3-9474-1A3956D46DE8}") = "7- LOOPS", "7- LOOPS", "{FC3F65DE-1137-4988-8449-7424442011C0}"
EndProject
Project("{9A19103F-16F7-4668-BE54-9A1E7A4F7556}") = "Loops", "7- LOOPS\Loops\Loops.csproj", "{739C6CAE-0E4D-47A6-9A92-47691ED789F1}"
EndProject
Project("{2150E333-8FDC-42A3-9474-1A3956D46DE8}") = "8- FILE_MANAGEMENT", "8- FILE_MANAGEMENT", "{71BEB001-446C-407C-AA50-7DE3C5C1E3A2}"
EndProject
Project("{9A19103F-16F7-4668-BE54-9A1E7A4F7556}") = "file_management", "8- FILE_MANAGEMENT\file_management\file_management.csproj", "{E0FF80AC-DA1A-4475-A2DE-5E4BB098FF06}"
EndProject
Project("{2150E333-8FDC-42A3-9474-1A3956D46DE8}") = "9- OOP", "9- OOP", "{B7E3BC36-F94B-4CC2-9681-6EEB1C9F6B29}"
EndProject
Project("{9A19103F-16F7-4668-BE54-9A1E7A4F7556}") = "OOP", "9- OOP\OOP\OOP.csproj", "{723AC60E-4043-4DFD-9126-4CFB3EB8AE31}"
EndProject
Global
	GlobalSection(SolutionConfigurationPlatforms) = preSolution
		Debug|Any CPU = Debug|Any CPU
		Release|Any CPU = Release|Any CPU
	EndGlobalSection
	GlobalSection(ProjectConfigurationPlatforms) = postSolution
		{3FACAAB6-CD3B-4DDA-B0FB-BBBCFCFE0EBE}.Debug|Any CPU.ActiveCfg = Debug|Any CPU
		{3FACAAB6-CD3B-4DDA-B0FB-BBBCFCFE0EBE}.Debug|Any CPU.Build.0 = Debug|Any CPU
		{3FACAAB6-CD3B-4DDA-B0FB-BBBCFCFE0EBE}.Release|Any CPU.ActiveCfg = Release|Any CPU
		{3FACAAB6-CD3B-4DDA-B0FB-BBBCFCFE0EBE}.Release|Any CPU.Build.0 = Release|Any CPU
		{EA08A848-848C-4D21-B08D-9468040CE06B}.Debug|Any CPU.ActiveCfg = Debug|Any CPU
		{EA08A848-848C-4D21-B08D-9468040CE06B}.Debug|Any CPU.Build.0 = Debug|Any CPU
		{EA08A848-848C-4D21-B08D-9468040CE06B}.Release|Any CPU.ActiveCfg = Release|Any CPU
		{EA08A848-848C-4D21-B08D-9468040CE06B}.Release|Any CPU.Build.0 = Release|Any CPU
		{A2170B93-2F87-4E41-8208-1FF13DF2F76E}.Debug|Any CPU.ActiveCfg = Debug|Any CPU
		{A2170B93-2F87-4E41-8208-1FF13DF2F76E}.Debug|Any CPU.Build.0 = Debug|Any CPU
		{A2170B93-2F87-4E41-8208-1FF13DF2F76E}.Release|Any CPU.ActiveCfg = Release|Any CPU
		{A2170B93-2F87-4E41-8208-1FF13DF2F76E}.Release|Any CPU.Build.0 = Release|Any CPU
		{FE2E5855-B8E7-4538-B02F-F0E59000CC7E}.Debug|Any CPU.ActiveCfg = Debug|Any CPU
		{FE2E5855-B8E7-4538-B02F-F0E59000CC7E}.Debug|Any CPU.Build.0 = Debug|Any CPU
		{FE2E5855-B8E7-4538-B02F-F0E59000CC7E}.Release|Any CPU.ActiveCfg = Release|Any CPU
		{FE2E5855-B8E7-4538-B02F-F0E59000CC7E}.Release|Any CPU.Build.0 = Release|Any CPU
		{2D9063CF-C558-414B-A16F-BBFCBDB053A0}.Debug|Any CPU.ActiveCfg = Debug|Any CPU
		{2D9063CF-C558-414B-A16F-BBFCBDB053A0}.Debug|Any CPU.Build.0 = Debug|Any CPU
		{2D9063CF-C558-414B-A16F-BBFCBDB053A0}.Release|Any CPU.ActiveCfg = Release|Any CPU
		{2D9063CF-C558-414B-A16F-BBFCBDB053A0}.Release|Any CPU.Build.0 = Release|Any CPU
		{B5C18C97-0FF4-4CC2-BACA-234C07D12A1B}.Debug|Any CPU.ActiveCfg = Debug|Any CPU
		{B5C18C97-0FF4-4CC2-BACA-234C07D12A1B}.Debug|Any CPU.Build.0 = Debug|Any CPU
		{B5C18C97-0FF4-4CC2-BACA-234C07D12A1B}.Release|Any CPU.ActiveCfg = Release|Any CPU
		{B5C18C97-0FF4-4CC2-BACA-234C07D12A1B}.Release|Any CPU.Build.0 = Release|Any CPU
		{0134BFE5-87B7-4663-A02F-41841A6075D2}.Debug|Any CPU.ActiveCfg = Debug|Any CPU
		{0134BFE5-87B7-4663-A02F-41841A6075D2}.Debug|Any CPU.Build.0 = Debug|Any CPU
		{0134BFE5-87B7-4663-A02F-41841A6075D2}.Release|Any CPU.ActiveCfg = Release|Any CPU
		{0134BFE5-87B7-4663-A02F-41841A6075D2}.Release|Any CPU.Build.0 = Release|Any CPU
		{739C6CAE-0E4D-47A6-9A92-47691ED789F1}.Debug|Any CPU.ActiveCfg = Debug|Any CPU
		{739C6CAE-0E4D-47A6-9A92-47691ED789F1}.Debug|Any CPU.Build.0 = Debug|Any CPU
		{739C6CAE-0E4D-47A6-9A92-47691ED789F1}.Release|Any CPU.ActiveCfg = Release|Any CPU
		{739C6CAE-0E4D-47A6-9A92-47691ED789F1}.Release|Any CPU.Build.0 = Release|Any CPU
		{E0FF80AC-DA1A-4475-A2DE-5E4BB098FF06}.Debug|Any CPU.ActiveCfg = Debug|Any CPU
		{E0FF80AC-DA1A-4475-A2DE-5E4BB098FF06}.Debug|Any CPU.Build.0 = Debug|Any CPU
		{E0FF80AC-DA1A-4475-A2DE-5E4BB098FF06}.Release|Any CPU.ActiveCfg = Release|Any CPU
		{E0FF80AC-DA1A-4475-A2DE-5E4BB098FF06}.Release|Any CPU.Build.0 = Release|Any CPU
		{723AC60E-4043-4DFD-9126-4CFB3EB8AE31}.Debug|Any CPU.ActiveCfg = Debug|Any CPU
		{723AC60E-4043-4DFD-9126-4CFB3EB8AE31}.Debug|Any CPU.Build.0 = Debug|Any CPU
		{723AC60E-4043-4DFD-9126-4CFB3EB8AE31}.Release|Any CPU.ActiveCfg = Release|Any CPU
		{723AC60E-4043-4DFD-9126-4CFB3EB8AE31}.Release|Any CPU.Build.0 = Release|Any CPU
	EndGlobalSection
	GlobalSection(SolutionProperties) = preSolution
		HideSolutionNode = FALSE
	EndGlobalSection
	GlobalSection(NestedProjects) = preSolution
		{3FACAAB6-CD3B-4DDA-B0FB-BBBCFCFE0EBE} = {EAB61A6F-2622-4E85-97C4-3BFAB58437E9}
		{EA08A848-848C-4D21-B08D-9468040CE06B} = {3355DCE9-C552-4279-A2D5-98EF145373E7}
		{A2170B93-2F87-4E41-8208-1FF13DF2F76E} = {D128BB17-BE97-47C3-B400-FA0F4A4CD967}
		{FE2E5855-B8E7-4538-B02F-F0E59000CC7E} = {B13710B5-3FF4-42FA-99FB-18B10F9FBA59}
		{2D9063CF-C558-414B-A16F-BBFCBDB053A0} = {00B332C5-5416-4930-AF89-DE8B12EF0B26}
		{B5C18C97-0FF4-4CC2-BACA-234C07D12A1B} = {68619A78-20A3-4227-AEB3-9F5653CAB971}
		{0134BFE5-87B7-4663-A02F-41841A6075D2} = {7AD2A89D-B3E6-4C2E-B236-36DCF06AFD1A}
		{739C6CAE-0E4D-47A6-9A92-47691ED789F1} = {FC3F65DE-1137-4988-8449-7424442011C0}
		{E0FF80AC-DA1A-4475-A2DE-5E4BB098FF06} = {71BEB001-446C-407C-AA50-7DE3C5C1E3A2}
		{723AC60E-4043-4DFD-9126-4CFB3EB8AE31} = {B7E3BC36-F94B-4CC2-9681-6EEB1C9F6B29}
	EndGlobalSection
	GlobalSection(ExtensibilityGlobals) = postSolution
		SolutionGuid = {A74C22D7-3BDC-48C3-A043-E2D2B22AA804}
	EndGlobalSection
EndGlobal
